lockfileVersion: '9.0'

settings:
  autoInstallPeers: true
  excludeLinksFromLockfile: false

importers:

  .:
    dependencies:
      hexo:
        specifier: ^5.1.1
        version: 5.1.1
      hexo-generator-archive:
        specifier: ^1.0.0
        version: 1.0.0
      hexo-generator-category:
        specifier: ^1.0.0
        version: 1.0.0
      hexo-generator-index:
        specifier: ^1.0.0
        version: 1.0.0
      hexo-generator-sitemap:
        specifier: ^2.0.0
        version: 2.1.0
      hexo-generator-tag:
        specifier: ^1.0.0
        version: 1.0.0
      hexo-renderer-ejs:
        specifier: ^1.0.0
        version: 1.0.0
      hexo-renderer-marked:
        specifier: ^2.0.0
        version: 2.0.0
      hexo-server:
        specifier: ^1.0.0
        version: 1.0.0

packages:

  '@types/color-name@1.1.1':
    resolution: {integrity: sha512-rr+OQyAjxze7GgWrSaJwydHStIhHq2lvY3BOC2Mj7KnzI7XK0Uw1TOOdI9lDoajEbSWLiYgoo4f1R51erQfhPQ==}

  JSONStream@1.3.5:
    resolution: {integrity: sha512-E+iruNOY8VV9s4JEbe1aNEm6MiszPRr/UfcHMz0TQh1BXSxHK+ASV1R6W4HpjBhSeS+54PIsAMCBmwD06LLsqQ==}
    hasBin: true

  a-sync-waterfall@1.0.1:
    resolution: {integrity: sha512-RYTOHHdWipFUliRFMCS4X2Yn2X8M87V/OpSqWzKKOGhzqyUxzyVmhHDH9sAvG+ZuQf/TAOFsLCpMw09I1ufUnA==}

  abbrev@1.1.1:
    resolution: {integrity: sha512-nne9/IiQ/hzIhY6pdDnbBtz7DjPTKrY00P/zvPSm5pOFkl6xuGrGnXn/VtTNNfNtAfZ9/1RtehkszU9qcTii0Q==}

  accepts@1.3.7:
    resolution: {integrity: sha512-Il80Qs2WjYlJIBNzNkK6KYqlVMTbZLXgHx2oT0pU/fjRHyEp+PEfEPY0R3WCwAGVOtauxh1hOxNgIf5bv7dQpA==}
    engines: {node: '>= 0.6'}

  ansi-regex@5.0.0:
    resolution: {integrity: sha512-bY6fj56OUQ0hU1KjFNDQuJFezqKdrAyFdIevADiqrWHwSlbmBNMHp5ak2f40Pm8JTFyM2mqxkG6ngkHO11f/lg==}
    engines: {node: '>=8'}

  ansi-styles@3.2.1:
    resolution: {integrity: sha512-VT0ZI6kZRdTh8YyJw3SMbYm/u+NqfsAxEpWO0Pf9sq8/e94WxxOpPKx9FR1FlyCtOVDNOQ+8ntlqFxiRc+r5qA==}
    engines: {node: '>=4'}

  ansi-styles@4.2.1:
    resolution: {integrity: sha512-9VGjrMsG1vePxcSweQsN20KY/c4zN0h9fLjqAbwbPfahM3t+NL+M9HC8xeXG2I8pX5NoamTGNuomEUFI7fcUjA==}
    engines: {node: '>=8'}

  anymatch@3.1.1:
    resolution: {integrity: sha512-mM8522psRCqzV+6LhomX5wgp25YVibjh8Wj23I5RPkPppSVSjyKD2A2mBJmWGa+KN7f2D6LNh9jkBCeyLktzjg==}
    engines: {node: '>= 8'}

  archy@1.0.0:
    resolution: {integrity: sha512-Xg+9RwCg/0p32teKdGMPTPnVXKD0w3DfHnFTficozsAgsvq2XenPJq/MYpzzQ/v8zrOyJn6Ds39VA4JIDwFfqw==}

  argparse@1.0.10:
    resolution: {integrity: sha512-o5Roy6tNG4SL/FOkCAN6RzjiakZS25RLYFrcMttJqbdd8BWrnA+fGz57iN5Pb06pvBGvl5gQ0B48dJlslXvoTg==}

  asap@2.0.6:
    resolution: {integrity: sha512-BSHWgDSAiKs50o2Re8ppvp3seVHXSRM44cdSsT9FfNEUUZLOGWVCsiWaRPWM1Znn+mqZ1OfVZ3z3DWEzSp7hRA==}

  basic-auth@2.0.1:
    resolution: {integrity: sha512-NF+epuEdnUYVlGuhaxbbq+dvJttwLnGY+YixlXlME5KpQ5W3CnXA5cVTneY3SPbPDRkcjMbifrwmFYcClgOZeg==}
    engines: {node: '>= 0.8'}

  binary-extensions@2.1.0:
    resolution: {integrity: sha512-1Yj8h9Q+QDF5FzhMs/c9+6UntbD5MkRfRwac8DoEm9ZfUBZ7tZ55YcGVAzEe4bXsdQHEk+s9S5wsOKVdZrw0tQ==}
    engines: {node: '>=8'}

  bluebird@3.7.2:
    resolution: {integrity: sha512-XpNj6GDQzdfW+r2Wnn7xiSAd7TM3jzkxGXBGTtWKuSXv1xUV+azxAm8jdWZN06QTQk+2N2XB9jRDkvbmQmcRtg==}

  braces@3.0.2:
    resolution: {integrity: sha512-b8um+L1RzM3WDSzvhm6gIz1yfTbBt6YTlcEKAvsmqCZZFw46z626lVj9j1yEPW33H5H+lBQpZMP1k8l+78Ha0A==}
    engines: {node: '>=8'}

  bytes@3.0.0:
    resolution: {integrity: sha512-pMhOfFDPiv9t5jjIXkHosWmkSyQbvsgEVNkz0ERHbuLh2T/7j4Mqqpz523Fe8MVY89KC6Sh/QfS2sM+SjgFDcw==}
    engines: {node: '>= 0.8'}

  camel-case@3.0.0:
    resolution: {integrity: sha512-+MbKztAYHXPr1jNTSKQF52VpcFjwY5RkR7fxksV8Doo4KAYc5Fl4UJRgthBbTmEx8C54DqahhbLJkDwjI3PI/w==}

  camel-case@4.1.1:
    resolution: {integrity: sha512-7fa2WcG4fYFkclIvEmxBbTvmibwF2/agfEBc6q3lOpVu0A13ltLsA+Hr/8Hp6kp5f+G7hKi6t8lys6XxP+1K6Q==}

  chalk@2.4.2:
    resolution: {integrity: sha512-Mti+f9lpJNcwF4tWV8/OrTTtF1gZi+f8FqlyAdouralcFWFQWF2+NgCHShjkCb+IFBLq9buZwE1xckQU4peSuQ==}
    engines: {node: '>=4'}

  chalk@4.1.0:
    resolution: {integrity: sha512-qwx12AxXe2Q5xQ43Ac//I6v5aXTipYrSESdOgzrN+9XjgEpyjpKuvSGaN4qE93f7TQTlerQQ8S+EQ0EyDoVL1A==}
    engines: {node: '>=10'}

  chokidar@3.4.2:
    resolution: {integrity: sha512-IZHaDeBeI+sZJRX7lGcXsdzgvZqKv6sECqsbErJA4mHWfpRrD8B97kSFN4cQz6nGBGiuFia1MKR4d6c1o8Cv7A==}
    engines: {node: '>= 8.10.0'}

  clipboard@2.0.6:
    resolution: {integrity: sha512-g5zbiixBRk/wyKakSwCKd7vQXDjFnAMGHoEyBogG/bw9kTD9GvdAvaoRR1ALcEzt3pVKxZR0pViekPMIS0QyGg==}

  color-convert@1.9.3:
    resolution: {integrity: sha512-QfAUtd+vFdAtFQcC8CCyYt1fYWxSqAiK2cSD6zDB8N3cpsEBAvRxp9zOGg6G/SHHJYAT88/az/IuDGALsNVbGg==}

  color-convert@2.0.1:
    resolution: {integrity: sha512-RRECPsj7iu/xb5oKYcsFHSppFNnsj/52OVTRKb4zP5onXwVF3zVmmToNcOfGC+CRDpfK/U584fMg38ZHCaElKQ==}
    engines: {node: '>=7.0.0'}

  color-name@1.1.3:
    resolution: {integrity: sha512-72fSenhMw2HZMTVHeCA9KCmpEIbzWiQsjN+BHcBbS9vr1mtt+vJjPdksIBNUmKAW8TFUDPJK5SUU3QhE9NEXDw==}

  color-name@1.1.4:
    resolution: {integrity: sha512-dOy+3AuW3a2wNbZHIuMZpTcgjGuLU/uBL/ubcZF9OXbDo8ff4O8yVp5Bf0efS8uEoYo5q4Fx7dY9OgQGXgAsQA==}

  command-exists@1.2.9:
    resolution: {integrity: sha512-LTQ/SGc+s0Xc0Fu5WaKnR0YiygZkm9eKFvyS+fRsU7/ZWFF8ykFM6Pc9aCVf1+xasOOZpO3BAVgVrKvsqKHV7w==}

  commander@5.1.0:
    resolution: {integrity: sha512-P0CysNDQ7rtVw4QIQtm+MRxV66vKFSvlsQvGYXZWR3qFU0jlMKHZZZgw8e+8DSah4UDKMqnknRDQz+xuQXQ/Zg==}
    engines: {node: '>= 6'}

  compressible@2.0.18:
    resolution: {integrity: sha512-AF3r7P5dWxL8MxyITRMlORQNaOA2IkAFaTr4k7BUumjPtRpGDTZpl0Pb1XCO6JeDCBdp126Cgs9sMxqSjgYyRg==}
    engines: {node: '>= 0.6'}

  compression@1.7.4:
    resolution: {integrity: sha512-jaSIDzP9pZVS4ZfQ+TzvtiWhdpFhE2RDHz8QJkpX9SIpLq88VueF5jJw6t+6CUQcAoA6t+x89MLrWAqpfDE8iQ==}
    engines: {node: '>= 0.8.0'}

  connect@3.7.0:
    resolution: {integrity: sha512-ZqRXc+tZukToSNmh5C2iWMSoV3X1YUcPbqEM4DkEG5tNQXrQUZCNVGGv3IuicnkMtPfGf3Xtp8WCXs295iQ1pQ==}
    engines: {node: '>= 0.10.0'}

  cross-spawn@6.0.5:
    resolution: {integrity: sha512-eTVLrBSt7fjbDygz805pMnstIs2VTBNkRm0qxZd+M7A5XDdxVRWO5MxGBXZhjY4cqLYLdtrGqRf8mBPmzwSpWQ==}
    engines: {node: '>=4.8'}

  cross-spawn@7.0.3:
    resolution: {integrity: sha512-iRDPJKUPVEND7dHPO8rkbOnPpyDygcDFtWjpeWNCgy8WP2rXcxXL8TskReQl6OrB2G7+UJrags1q15Fudc7G6w==}
    engines: {node: '>= 8'}

  cuid@2.1.8:
    resolution: {integrity: sha512-xiEMER6E7TlTPnDxrM4eRiC6TRgjNX9xzEZ5U/Se2YJKr7Mq4pJn/2XEHjl3STcSh96GmkHPcBXLES8M29wyyg==}
    deprecated: Cuid and other k-sortable and non-cryptographic ids (Ulid, ObjectId, KSUID, all UUIDs) are all insecure. Use @paralleldrive/cuid2 instead.

  debug@2.6.9:
    resolution: {integrity: sha512-bC7ElrdJaJnPbAP+1EotYvqZsb3ecl5wi6Bfi6BJTUcNowp6cvspg0jXznRTKDjm/E7AdgFBVeAPVMNcKGsHMA==}
    peerDependencies:
      supports-color: '*'
    peerDependenciesMeta:
      supports-color:
        optional: true

  deepmerge@4.2.2:
    resolution: {integrity: sha512-FJ3UgI4gIl+PHZm53knsuSFpE+nESMr7M4v9QcgB7S63Kj/6WqMiFQJpBBYz1Pt+66bZpP3Q7Lye0Oo9MPKEdg==}
    engines: {node: '>=0.10.0'}

  delegate@3.2.0:
    resolution: {integrity: sha512-IofjkYBZaZivn0V8nnsMJGBr4jVLxHDheKSW88PyxS5QC4Vo9ZbZVvhzlSxY87fVq3STR6r+4cGepyHkcWOQSw==}

  depd@1.1.2:
    resolution: {integrity: sha512-7emPTl6Dpo6JRXOXjLRxck+FlLRX5847cLKEn00PLAgc3g2hTZZgr+e4c2v6QpSmLeFP3n5yUo7ft6avBK/5jQ==}
    engines: {node: '>= 0.6'}

  depd@2.0.0:
    resolution: {integrity: sha512-g7nH6P6dyDioJogAAGprGpCtVImJhpPk/roCzdb3fIh61/s/nPsfR6onyMwkCAR/OlC3yBC0lESvUoQEAssIrw==}
    engines: {node: '>= 0.8'}

  destroy@1.0.4:
    resolution: {integrity: sha512-3NdhDuEXnfun/z7x9GOElY49LoqVHoGScmOKwmxhsS8N5Y+Z8KyPPDnaSzqWgYt/ji4mqwfTS34Htrk0zPIXVg==}

  dom-serializer@1.1.0:
    resolution: {integrity: sha512-ox7bvGXt2n+uLWtCRLybYx60IrOlWL/aCebWJk1T0d4m3y2tzf4U3ij9wBMUb6YJZpz06HCCYuyCDveE2xXmzQ==}

  domelementtype@2.0.2:
    resolution: {integrity: sha512-wFwTwCVebUrMgGeAwRL/NhZtHAUyT9n9yg4IMDwf10+6iCMxSkVq9MGCVEH+QZWo1nNidy8kNvwmv4zWHDTqvA==}

  domhandler@3.0.0:
    resolution: {integrity: sha512-eKLdI5v9m67kbXQbJSNn1zjh0SDzvzWVWtX+qEI3eMjZw8daH9k8rlj1FZY9memPwjiskQFbe7vHVVJIAqoEhw==}
    engines: {node: '>= 4'}

  domutils@2.3.0:
    resolution: {integrity: sha512-xWC75PM3QF6MjE5e58OzwTX0B/rPQnlqH0YyXB/c056RtVJA+eu60da2I/bdnEHzEYC00g8QaZUlAbqOZVbOsw==}

  ee-first@1.1.1:
    resolution: {integrity: sha512-WMwm9LhRUo+WUaRN+vRuETqG89IgZphVSNkdFgeb6sS/E4OrDIN7t48CAewSHXc6C8lefD8KKfr5vY61brQlow==}

  ejs@2.7.4:
    resolution: {integrity: sha512-7vmuyh5+kuUyJKePhQfRQBhXV5Ce+RnaeeQArKu1EAMpL3WbgMt5WG6uQZpEVvYSSsxMXRKOewtDk9RaTKXRlA==}
    engines: {node: '>=0.10.0'}

  encodeurl@1.0.2:
    resolution: {integrity: sha512-TPJXq8JqFaVYm2CWmPvnP2Iyo4ZSM7/QKcSmuMLDObfpH5fi7RUGmd/rTDf+rut/saiDiQEeVTNgAmJEdAOx0w==}
    engines: {node: '>= 0.8'}

  entities@2.0.3:
    resolution: {integrity: sha512-MyoZ0jgnLvB2X3Lg5HqpFmn1kybDiIfEQmKzTb5apr51Rb+T3KdmMiqa70T+bhGnyv7bQ6WMj2QMHpGMmlrUYQ==}

  escape-html@1.0.3:
    resolution: {integrity: sha512-NiSupZ4OeuGwr68lGIeym/ksIZMJodUGOSCZ/FSnTxcrekbvqrgdUxlJOMpijaKZVjAJrWrGs/6Jy8OMuyj9ow==}

  escape-string-regexp@1.0.5:
    resolution: {integrity: sha512-vbRorB5FUQWvla16U8R/qgaFIya2qGzwDrNmCZuYKrbdSUMG6I1ZCGQRefkRVhuOkIGVne7BQ35DSfo1qvJqFg==}
    engines: {node: '>=0.8.0'}

  esprima@4.0.1:
    resolution: {integrity: sha512-eGuFFw7Upda+g4p+QHvnW0RyTX/SVeJBDM/gCtMARO0cLuT2HcEKnTPvhjV6aGeqrCB/sbNop0Kszm0jsaWU4A==}
    engines: {node: '>=4'}
    hasBin: true

  etag@1.8.1:
    resolution: {integrity: sha512-aIL5Fx7mawVa300al2BnEE4iNvo1qETxLrPI/o05L7z6go7fCw1J6EQmbK4FmJ2AS7kgVF/KEZWufBfdClMcPg==}
    engines: {node: '>= 0.6'}

  fill-range@7.0.1:
    resolution: {integrity: sha512-qOo9F+dMUmC2Lcb4BbVvnKJxTPjCm+RRpe4gDuGrzkL7mEVl/djYSu2OdQ2Pa302N4oqkSg9ir6jaLWJ2USVpQ==}
    engines: {node: '>=8'}

  finalhandler@1.1.2:
    resolution: {integrity: sha512-aAWcW57uxVNrQZqFXjITpW3sIUQmHGG3qSb9mUah9MgMC4NeWhNOlNjXEYq3HjRAvL6arUviZGGJsBg6z0zsWA==}
    engines: {node: '>= 0.8'}

  fresh@0.5.2:
    resolution: {integrity: sha512-zJ2mQYM18rEFOudeV4GShTGIQ7RbzA7ozbU9I/XBpm7kqgMywgmylMwXHxZJmkVoYkna9d2pVXVXPdYTP9ej8Q==}
    engines: {node: '>= 0.6'}

  fsevents@2.1.3:
    resolution: {integrity: sha512-Auw9a4AxqWpa9GUfj370BMPzzyncfBABW8Mab7BGWBYDj4Isgq+cDKtx0i6u9jcX9pQDnswsaaOTgTmA5pEjuQ==}
    engines: {node: ^8.16.0 || ^10.6.0 || >=11.0.0}
    os: [darwin]

  glob-parent@5.1.1:
    resolution: {integrity: sha512-FnI+VGOpnlGHWZxthPGR+QhR78fuiK0sNLkHQv+bL9fQi57lNNdquIbna/WrfROrolq8GK5Ek6BiMwqL/voRYQ==}
    engines: {node: '>= 6'}

  good-listener@1.2.2:
    resolution: {integrity: sha512-goW1b+d9q/HIwbVYZzZ6SsTr4IgE+WA44A0GmPIQstuOrgsFcT7VEJ48nmr9GaRtNu0XTKacFLGnBPAM6Afouw==}

  graceful-fs@4.2.4:
    resolution: {integrity: sha512-WjKPNJF79dtJAVniUlGGWHYGz2jWxT6VhN/4m1NdkbZ2nOsEF+cI1Edgql5zCRhs/VsQYRvrXctxktVXZUkixw==}

  has-flag@3.0.0:
    resolution: {integrity: sha512-sKJf1+ceQBr4SMkvQnBDNDtf4TXpVhVGateu0t918bl30FnbE2m4vNLX+VWe/dpjlb+HugGYzW7uQXH98HPEYw==}
    engines: {node: '>=4'}

  has-flag@4.0.0:
    resolution: {integrity: sha512-EykJT/Q1KjTWctppgIAgfSO0tKVuZUjhgMr17kqTumMl6Afv3EISleU7qZUzoXDFTAHTDC4NOoG/ZxU3EvlMPQ==}
    engines: {node: '>=8'}

  hexo-cli@4.2.0:
    resolution: {integrity: sha512-NJQYKnD41KUlNZzEyi8wDzPeGhrjwLLTa05dtkwq+lJch+j9idZTh4dgn3w/82o6Q/zygn+ibO1XvihMfFdSfw==}
    engines: {node: '>=10.13.0'}
    hasBin: true

  hexo-front-matter@2.0.0:
    resolution: {integrity: sha512-IR3tjAyK2Ga/0a/WDAoNy5+n3ju2/mkuAsCDEeGgGLf5+7kkiOkkG/FrnueuYgz0h2MPfWDLBiDsSTCmB0sLCA==}
    engines: {node: '>=10.13.0'}

  hexo-fs@3.1.0:
    resolution: {integrity: sha512-SfoDH7zlU9Iop+bAfEONXezbNIkpVX1QqjNCBYpapilZR+xVOCfTEdlNixanrKBbLGPb2fXqrdDBFgrKuiVGQQ==}
    engines: {node: '>=10.13.0'}

  hexo-generator-archive@1.0.0:
    resolution: {integrity: sha512-24TeanDGpMBUIq37DHpSESQbeN6ssZ06edsGSI76tN4Yit50TgsgzP5g5DSu0yJk0jUtHJntysWE8NYAlFXibA==}
    engines: {node: '>=8.6.0'}

  hexo-generator-category@1.0.0:
    resolution: {integrity: sha512-kmtwT1SHYL2ismbGnYQXNtqLFSeTdtHNbJIqno3LKROpCK8ybST5QVXF1bZI9LkFcXV/H8ilt8gfg4/dNNcQQQ==}
    engines: {node: '>=8.6.0'}

  hexo-generator-index@1.0.0:
    resolution: {integrity: sha512-L25MdZ7e5ar/F8lIW+zBNNlA4f5A8CBUOYi1IQZCgL3wPVW+AWn66RSM5UVBAbiw5yxDeTHdk0sJYXbhSBaOFQ==}
    engines: {node: '>=8.6.0'}

  hexo-generator-sitemap@2.1.0:
    resolution: {integrity: sha512-3+gF9lFdTJ67A65Z2f517DGmtloDX7ZwMmJUJxvv2tF+a8Hr6Kg9K/DXqOBpM39A/y9eqoGfQ3bmLlBx9rynTg==}
    engines: {node: '>=10.13.0'}

  hexo-generator-tag@1.0.0:
    resolution: {integrity: sha512-JDoB2T1EncRlyGSjuAhkGxRfKkN8tq0i8tFlk9I4q2L6iYxPaUnFenhji0oxufTADC16/IchuPjmMk//dt8Msg==}
    engines: {node: '>=8.6.0'}

  hexo-i18n@1.0.0:
    resolution: {integrity: sha512-yw90JHr7ybUHN/QOkpHmlWJj1luVk5/v8CUU5NRA0n4TFp6av8NT7ujZ10GDawgnQEdMHnN5PUfAbNIVGR6axg==}
    engines: {node: '>=8.6.0'}

  hexo-log@2.0.0:
    resolution: {integrity: sha512-U7zdDae74pXcyhQEyNmpJdq3UI6zWKxQ7/zLoMr/d3CBRdIfB5yO8DWqKUnewfibYv0gODyTWUIhxQDWuwloow==}
    engines: {node: '>=10.13.0'}

  hexo-pagination@1.0.0:
    resolution: {integrity: sha512-miEVFgxchPr2qNWxw0JWpJ9R/Yaf7HjHBZVjvCCcqfbsLyYtCvIfJDxcEwz1sDOC/fLzYPqNnhUI73uNxBHRSA==}
    engines: {node: '>=8.6.0'}

  hexo-renderer-ejs@1.0.0:
    resolution: {integrity: sha512-O925i69FG4NYO62oWORcPhRZZX0sPx1SXGKUS5DaR/lzajyiXH5i2sqnkj0ya0rNLXIy/D7Xmt7WbFyuQx/kKQ==}
    engines: {node: '>=8.6.0'}

  hexo-renderer-marked@2.0.0:
    resolution: {integrity: sha512-+LMjgPkJSUAOlWYHJnBXxUHwGqemGNlK/I+JNO4zA5rEHWNWZ9wNAZKd5g0lEVdMAZzAV54gCylXGURgMO4IAw==}
    engines: {node: '>=8.6.0'}

  hexo-server@1.0.0:
    resolution: {integrity: sha512-eSY+a5oiGCG/3T6FrdrNRBkttMLJkM+oitY6ZMFowjcBiG2VNEhQmfWUDOykfvApZs4wPYBb//uXD/58tfe3mA==}
    engines: {node: '>=8.6.0'}

  hexo-util@1.0.0:
    resolution: {integrity: sha512-oV1/Y7ablc7e3d2kFFvQ/Ypi/BfL/uDSc1oNaMcxqr/UOH8F0QkHZ0Dmv+yLrEpFNYrrhBA0uavo3e+EqHNjnQ==}
    engines: {node: '>=8.6.0'}

  hexo-util@2.4.0:
    resolution: {integrity: sha512-IPQvAyn0cznYMU2gskMiZ6LZEvN7wHNusrJoYxrir4f7S7POpZeDTBswiko9R1qqd+/hu07wUYZdm4ceTTCEaA==}
    engines: {node: '>=10.13.0'}

  hexo@5.1.1:
    resolution: {integrity: sha512-D+kf3NJ0WTBwyrEZdcgjsVVsSG4/cnKmixbsnCr1dPwI6d7BBJtFprv7usU7u3sV59+LrOYtPuJKsHaaINffvA==}
    engines: {node: '>=10.13.0'}
    hasBin: true

  highlight.js@10.2.0:
    resolution: {integrity: sha512-OryzPiqqNCfO/wtFo619W+nPYALM6u7iCQkum4bqRmmlcTikOkmlL06i009QelynBPAlNByTQU6cBB2cOBQtCw==}
    deprecated: Potential vulnerability. Please upgrade to @latest

  highlight.js@9.18.3:
    resolution: {integrity: sha512-zBZAmhSupHIl5sITeMqIJnYCDfAEc3Gdkqj65wC1lpI468MMQeeQkhcIAvk+RylAkxrCcI9xy9piHiXeQ1BdzQ==}
    deprecated: Version no longer supported. Upgrade to @latest

  html-entities@1.3.1:
    resolution: {integrity: sha512-rhE/4Z3hIhzHAUKbW8jVcCyuT5oJCXXqhN/6mXXVCpzTmvJnoH2HL/bt3EZ6p55jbFJBeAe1ZNpL5BugLujxNA==}

  htmlparser2@4.1.0:
    resolution: {integrity: sha512-4zDq1a1zhE4gQso/c5LP1OtrhYTncXNSpvJYtWJBtXAETPlMfi3IFNjGuQbYLuVY4ZR0QMqRVvo4Pdy9KLyP8Q==}

  http-errors@1.7.3:
    resolution: {integrity: sha512-ZTTX0MWrsQ2ZAhA1cejAwDLycFsd7I7nVtnkT3Ol0aqodaKW+0CTZDQ1uBv5whptCnc8e8HeRRJxRs0kmm/Qfw==}
    engines: {node: '>= 0.6'}

  inherits@2.0.4:
    resolution: {integrity: sha512-k/vGaX4/Yla3WzyMCvTQOXYeIHvqOKtnqBduzTHpzpQZzAskKMhZ2K+EnBiSM9zGSoIFeMpXKxa4dYeZIQqewQ==}

  is-binary-path@2.1.0:
    resolution: {integrity: sha512-ZMERYes6pDydyuGidse7OsHxtbI7WVeUEozgR/g7rd0xUimYNlvZRE/K2MgZTjWy725IfelLeVcEM97mmtRGXw==}
    engines: {node: '>=8'}

  is-extglob@2.1.1:
    resolution: {integrity: sha512-SbKbANkN603Vi4jEZv49LeVJMn4yGwsbzZworEoyEiutsN3nJYdbO36zfhGJ6QEDpOZIFkDtnq5JRxmvl3jsoQ==}
    engines: {node: '>=0.10.0'}

  is-glob@4.0.1:
    resolution: {integrity: sha512-5G0tKtBTFImOqDnLB2hG6Bp2qcKEFduo4tZu9MT/H6NQv/ghhy30o55ufafxJ/LdH79LLs2Kfrn85TLKyA7BUg==}
    engines: {node: '>=0.10.0'}

  is-number@7.0.0:
    resolution: {integrity: sha512-41Cifkg6e8TylSpdtTpeLVMqvSBEVzTttHvERD741+pnZ8ANv0004MRL43QKPDlK9cGvNp6NZWZUBlbGXYxxng==}
    engines: {node: '>=0.12.0'}

  is-plain-object@3.0.1:
    resolution: {integrity: sha512-Xnpx182SBMrr/aBik8y+GuR4U1L9FqMSojwDQwPMmxyC6bvEqly9UBCxhauBF5vNh2gwWJNX6oDV7O+OM4z34g==}
    engines: {node: '>=0.10.0'}

  is-wsl@1.1.0:
    resolution: {integrity: sha512-gfygJYZ2gLTDlmbWMI0CE2MwnFzSN/2SZfkMlItC4K/JBlsWVDB0bO6XhqcY13YXE7iMcAJnzTCJjPiTeJJ0Mw==}
    engines: {node: '>=4'}

  isexe@2.0.0:
    resolution: {integrity: sha512-RHxMLp9lnKHGHRng9QFhRCMbYAcVpn69smSGcq3f36xjgVVWThj4qqLbTLlq7Ssj8B+fIQ1EuCEGI2lKsyQeIw==}

  js-yaml@3.14.0:
    resolution: {integrity: sha512-/4IbIeHcD9VMHFqDR/gQ7EdZdLimOvW2DdcxFjdyyZ9NsbS+ccrXqVWDtab/lRl5AlUqmpBx8EhPaWR+OtY17A==}
    hasBin: true

  jsonparse@1.3.1:
    resolution: {integrity: sha512-POQXvpdL69+CluYsillJ7SUhKvytYjW9vG/GKpnf+xP8UWgYEM/RaMzHHofbALDiKbbP1W8UEYmgGl39WkPZsg==}
    engines: {'0': node >= 0.2.0}

  lower-case@1.1.4:
    resolution: {integrity: sha512-2Fgx1Ycm599x+WGpIYwJOvsjmXFzTSc34IwDWALRA/8AopUKAVPwfJ+h5+f85BCp0PWmmJcWzEpxOpoXycMpdA==}

  lower-case@2.0.1:
    resolution: {integrity: sha512-LiWgfDLLb1dwbFQZsSglpRj+1ctGnayXz3Uv0/WO8n558JycT5fg6zkNcnW0G68Nn0aEldTFeEfmjCfmqry/rQ==}

  marked@0.7.0:
    resolution: {integrity: sha512-c+yYdCZJQrsRjTPhUx7VKkApw9bwDkNbHUKo1ovgcfDjb2kc8rLuRbIFyXL5WOEUwzSSKo3IXpph2K6DqB/KZg==}
    engines: {node: '>=0.10.0'}
    hasBin: true

  micromatch@4.0.2:
    resolution: {integrity: sha512-y7FpHSbMUMoyPbYUSzO6PaZ6FyRnQOpHuKwbo1G+Knck95XVU4QAiKdGEnj5wwoS7PlOgthX/09u5iFJ+aYf5Q==}
    engines: {node: '>=8'}

  mime-db@1.44.0:
    resolution: {integrity: sha512-/NOTfLrsPBVeH7YtFPgsVWveuL+4SjjYxaQ1xtM1KMFj7HdxlBlxeyNLzhyJVx7r4rZGJAZ/6lkKCitSc/Nmpg==}
    engines: {node: '>= 0.6'}

  mime-types@2.1.27:
    resolution: {integrity: sha512-JIhqnCasI9yD+SsmkquHBxTSEuZdQX5BuQnS2Vc7puQQQ+8yiP5AY5uWhpdv4YL4VM5c6iliiYWPgJ/nJQLp7w==}
    engines: {node: '>= 0.6'}

  mime@1.6.0:
    resolution: {integrity: sha512-x0Vn8spI+wuJ1O6S7gnbaQg8Pxh4NNHb7KSINmEWKiPE4RKOplvijn+NkmYmmRgP68mc70j2EbeTFRsrswaQeg==}
    engines: {node: '>=4'}
    hasBin: true

  mime@2.4.6:
    resolution: {integrity: sha512-RZKhC3EmpBchfTGBVb8fb+RL2cWyw/32lshnsETttkBAyAUXSGHxbEJWWRXc751DrIxG1q04b8QwMbAwkRPpUA==}
    engines: {node: '>=4.0.0'}
    hasBin: true

  min-indent@1.0.1:
    resolution: {integrity: sha512-I9jwMn07Sy/IwOj3zVkVik2JTvgpaykDZEigL6Rx6N9LbMywwUSMtxET+7lVoDLLd3O3IXwJwvuuns8UB/HeAg==}
    engines: {node: '>=4'}

  minimist@1.2.5:
    resolution: {integrity: sha512-FM9nNUYrRBAELZQT3xeZQ7fmMOBg6nWNmJKTcgsJeaLstP/UODVpGsr5OhXhhXg6f+qtJ8uiZ+PUxkDWcgIXLw==}

  moment-timezone@0.5.31:
    resolution: {integrity: sha512-+GgHNg8xRhMXfEbv81iDtrVeTcWt0kWmTEY1XQK14dICTXnWJnT0dxdlPspwqF3keKMVPXwayEsk1DI0AA/jdA==}

  moment@2.28.0:
    resolution: {integrity: sha512-Z5KOjYmnHyd/ukynmFd/WwyXHd7L4J9vTI/nn5Ap9AVUgaAE15VvQ9MOGmJJygEUklupqIrFnor/tjTwRU+tQw==}

  morgan@1.10.0:
    resolution: {integrity: sha512-AbegBVI4sh6El+1gNwvD5YIck7nSA36weD7xvIxG4in80j/UoK8AEGaWnnz8v1GxonMCltmlNs5ZKbGvl9b1XQ==}
    engines: {node: '>= 0.8.0'}

  ms@2.0.0:
    resolution: {integrity: sha512-Tpp60P6IUJDTuOq/5Z8cdskzJujfwqfOTkrwIwj7IRISpnkJnT6SyJ4PCPnGMoFjC9ddhal5KVIYtAt97ix05A==}

  ms@2.1.1:
    resolution: {integrity: sha512-tgp+dl5cGk28utYktBsrFqA7HKgrhgPsg6Z/EfhWI4gl1Hwq8B/GmY/0oXZ6nF8hDVesS/FpnYaD/kOWhYQvyg==}

  negotiator@0.6.2:
    resolution: {integrity: sha512-hZXc7K2e+PgeI1eDBe/10Ard4ekbfrrqG8Ep+8Jmf4JID2bNg7NvCPOZN+kfF574pFQI7mum2AUqDidoKqcTOw==}
    engines: {node: '>= 0.6'}

  nice-try@1.0.5:
    resolution: {integrity: sha512-1nh45deeb5olNY7eX82BkPO7SSxR5SSYJiPTrTdFUVYwAl8CKMA5N9PjTYkHiRjisVcxcQ1HXdLhx2qxxJzLNQ==}

  no-case@2.3.2:
    resolution: {integrity: sha512-rmTZ9kz+f3rCvK2TD1Ue/oZlns7OGoIWP4fc3llxxRXlOkHKoWPPWJOfFYpITabSow43QJbRIoHQXtt10VldyQ==}

  no-case@3.0.3:
    resolution: {integrity: sha512-ehY/mVQCf9BL0gKfsJBvFJen+1V//U+0HQMPrWct40ixE4jnv0bfvxDbWtAHL9EcaPEOJHVVYKoQn1TlZUB8Tw==}

  normalize-path@3.0.0:
    resolution: {integrity: sha512-6eZs5Ls3WtCisHWp9S2GUy8dqkpGi4BVSz3GaqiE6ezub0512ESztXUwUB6C6IKbQkY2Pnb/mD4WYojCRwcwLA==}
    engines: {node: '>=0.10.0'}

  nunjucks@3.2.2:
    resolution: {integrity: sha512-KUi85OoF2NMygwODAy28Lh9qHmq5hO3rBlbkYoC8v377h4l8Pt5qFjILl0LWpMbOrZ18CzfVVUvIHUIrtED3sA==}
    engines: {node: '>= 6.9.0'}
    hasBin: true

  on-finished@2.3.0:
    resolution: {integrity: sha512-ikqdkGAAyf/X/gPhXGvfgAytDZtDbr+bkNUJ0N9h5MI/dmdgCs3l6hoHrcUv41sRKew3jIwrp4qQDXiK99Utww==}
    engines: {node: '>= 0.8'}

  on-headers@1.0.2:
    resolution: {integrity: sha512-pZAE+FJLoyITytdqK0U5s+FIpjN0JP3OzFi/u8Rx+EV5/W+JTWGXG8xFzevE7AjBfDqHv/8vL8qQsIhHnqRkrA==}
    engines: {node: '>= 0.8'}

  open@6.4.0:
    resolution: {integrity: sha512-IFenVPgF70fSm1keSd2iDBIDIBZkroLeuffXq+wKTzTJlBpesFWojV9lb8mzOfaAzM1sr7HQHuO0vtV0zYekGg==}
    engines: {node: '>=8'}

  parseurl@1.3.3:
    resolution: {integrity: sha512-CiyeOxFT/JZyN5m0z9PfXw4SCBJ6Sygz1Dpl0wqjlhDEGGBP1GnsUVEL0p63hoG1fcj3fHynXi9NYO4nWOL+qQ==}
    engines: {node: '>= 0.8'}

  pascal-case@3.1.1:
    resolution: {integrity: sha512-XIeHKqIrsquVTQL2crjq3NfJUxmdLasn3TYOU0VBM+UX2a6ztAWBlJQBePLGY7VHW8+2dRadeIPK5+KImwTxQA==}

  path-key@2.0.1:
    resolution: {integrity: sha512-fEHGKCSmUSDPv4uoj8AlD+joPlq3peND+HRYyxFz4KPw4z926S/b8rIuFs2FYJg3BwsxJf6A9/3eIdLaYC+9Dw==}
    engines: {node: '>=4'}

  path-key@3.1.1:
    resolution: {integrity: sha512-ojmeN0qd+y0jszEtoY48r0Peq5dwMEkIlCOu6Q5f41lfkswXuKtYrhgoTpLnyIcHm24Uhqx+5Tqm2InSwLhE6Q==}
    engines: {node: '>=8'}

  path-parse@1.0.6:
    resolution: {integrity: sha512-GSmOT2EbHrINBf9SR7CDELwlJ8AENk3Qn7OikK4nFYAu3Ote2+JYNVvkpAEQm3/TLNEJFD/xZJjzyxg3KBWOzw==}

  picomatch@2.2.2:
    resolution: {integrity: sha512-q0M/9eZHzmr0AulXyPwNfZjtwZ/RBZlbN3K3CErVrk50T2ASYI7Bye0EvekFY3IP1Nt2DHu0re+V2ZHIpMkuWg==}
    engines: {node: '>=8.6'}

  pretty-hrtime@1.0.3:
    resolution: {integrity: sha512-66hKPCr+72mlfiSjlEB1+45IjXSqvVAIy6mocupoww4tBFE9R9IhwwUGoI4G++Tc9Aq+2rxOt0RFU6gPcrte0A==}
    engines: {node: '>= 0.8'}

  prismjs@1.21.0:
    resolution: {integrity: sha512-uGdSIu1nk3kej2iZsLyDoJ7e9bnPzIgY0naW/HdknGj61zScaprVEVGHrPoXqI+M9sP0NDnTK2jpkvmldpuqDw==}

  range-parser@1.2.1:
    resolution: {integrity: sha512-Hrgsx+orqoygnmhFbKaHE6c296J+HTAQXoxEF6gNupROmmGJRoyzfG3ccAveqCBrwr/2yxQ5BVd/GTl5agOwSg==}
    engines: {node: '>= 0.6'}

  readdirp@3.4.0:
    resolution: {integrity: sha512-0xe001vZBnJEK+uKcj8qOhyAKPzIT+gStxWr3LCB0DwcXR5NZJ3IaC+yGnHCYzB/S7ov3m3EEbZI2zeNvX+hGQ==}
    engines: {node: '>=8.10.0'}

  resolve@1.17.0:
    resolution: {integrity: sha512-ic+7JYiV8Vi2yzQGFWOkiZD5Z9z7O2Zhm9XMaTxdJExKasieFCr+yXZ/WmXsckHiKl12ar0y6XiXDx3m4RHn1w==}

  rfdc@1.1.4:
    resolution: {integrity: sha512-5C9HXdzK8EAqN7JDif30jqsBzavB7wLpaubisuQIGHWf2gUXSpzy6ArX/+Da8RjFpagWsCn+pIgxTMAmKw9Zug==}

  safe-buffer@5.1.2:
    resolution: {integrity: sha512-Gd2UZBJDkXlY7GbJxfsE8/nvKkUEU1G38c1siN6QP6a9PT9MmHB8GnpscSmMJSoF8LOIrt8ud/wPtojys4G6+g==}

  select@1.1.2:
    resolution: {integrity: sha512-OwpTSOfy6xSs1+pwcNrv0RBMOzI39Lp3qQKUTPVVPRjCdNa5JH/oPRiqsesIskK8TVgmRiHwO4KXlV2Li9dANA==}

  semver@5.7.1:
    resolution: {integrity: sha512-sauaDf/PZdVgrLTNYHRtpXa1iRiKcaebiKQ1BJdpQlWH2lCvexQdX55snPFyK7QzpudqbCI0qXFfOasHdyNDGQ==}
    hasBin: true

  send@0.17.1:
    resolution: {integrity: sha512-BsVKsiGcQMFwT8UxypobUKyv7irCNRHk1T0G680vk88yf6LBByGcZJOTJCrTP2xVN6yI+XjPJcNuE3V4fT9sAg==}
    engines: {node: '>= 0.8.0'}

  serve-static@1.14.1:
    resolution: {integrity: sha512-JMrvUwE54emCYWlTI+hGrGv5I8dEwmco/00EvkzIIsR7MqrHonbD9pO2MOfFnpFntl7ecpZs+3mW+XbQZu9QCg==}
    engines: {node: '>= 0.8.0'}

  setprototypeof@1.1.1:
    resolution: {integrity: sha512-JvdAWfbXeIGaZ9cILp38HntZSFSo3mWg6xGcJJsd+d4aRMOqauag1C63dJfDw7OaMYwEbHMOxEZ1lqVRYP2OAw==}

  shebang-command@1.2.0:
    resolution: {integrity: sha512-EV3L1+UQWGor21OmnvojK36mhg+TyIKDh3iFBKBohr5xeXIhNBcx8oWdgkTEEQ+BEFFYdLRuqMfd5L84N1V5Vg==}
    engines: {node: '>=0.10.0'}

  shebang-command@2.0.0:
    resolution: {integrity: sha512-kHxr2zZpYtdmrN1qDjrrX/Z1rR1kG8Dx+gkpK1G4eXmvXswmcE1hTWBWYUzlraYw1/yZp6YuDY77YtvbN0dmDA==}
    engines: {node: '>=8'}

  shebang-regex@1.0.0:
    resolution: {integrity: sha512-wpoSFAxys6b2a2wHZ1XpDSgD7N9iVjg29Ph9uV/uaP9Ex/KXlkTZTeddxDPSYQpgvzKLGJke2UU0AzoGCjNIvQ==}
    engines: {node: '>=0.10.0'}

  shebang-regex@3.0.0:
    resolution: {integrity: sha512-7++dFhtcx3353uBaq8DDR4NuxBetBzC7ZQOhmTQInHEd6bSrXdiEyzCvG07Z44UYdLShWUyXt5M/yhz8ekcb1A==}
    engines: {node: '>=8'}

  sprintf-js@1.0.3:
    resolution: {integrity: sha512-D9cPgkvLlV3t3IzL0D0YLvGA9Ahk4PcvVwUbN0dSGr1aP0Nrt4AEnTUbuGvquEC0mA64Gqt1fzirlRs5ibXx8g==}

  statuses@1.5.0:
    resolution: {integrity: sha512-OpZ3zP+jT1PI7I8nemJX4AKmAX070ZkYPVWV/AaKTJl+tXCTGyVdC1a4SL8RUQYEwk/f34ZX8UTykN68FwrqAA==}
    engines: {node: '>= 0.6'}

  strip-ansi@6.0.0:
    resolution: {integrity: sha512-AuvKTrTfQNYNIctbR1K/YGTR1756GycPsg7b9bdV9Duqur4gv6aKqHXah67Z8ImS7WEz5QVcOtlfW2rZEugt6w==}
    engines: {node: '>=8'}

  strip-indent@3.0.0:
    resolution: {integrity: sha512-laJTa3Jb+VQpaC6DseHhF7dXVqHTfJPCRDaEbid/drOhgitgYku/letMUqOXFoWV0zIIUbjpdH2t+tYj4bQMRQ==}
    engines: {node: '>=8'}

  striptags@3.1.1:
    resolution: {integrity: sha512-3HVl+cOkJOlNUDAYdoCAfGx/fzUzG53YvJAl3RYlTvAcBdPqSp1Uv4wrmHymm7oEypTijSQqcqplW8cz0/r/YA==}

  supports-color@5.5.0:
    resolution: {integrity: sha512-QjVjwdXIt408MIiAqCX4oUKsgU2EqAGzs2Ppkm4aQYbjm+ZEWEcW4SfFNTr4uMNZma0ey4f5lgLrkB0aX0QMow==}
    engines: {node: '>=4'}

  supports-color@7.2.0:
    resolution: {integrity: sha512-qpCAvRl9stuOHveKsn7HncJRvv501qIacKzQlO/+Lwxc9+0q2wLyv4Dfvt80/DPn2pqOBsJdDiogXGR9+OvwRw==}
    engines: {node: '>=8'}

  text-table@0.2.0:
    resolution: {integrity: sha512-N+8UisAXDGk8PFXP4HAzVR9nbfmVJ3zYLAWiTIoqC5v5isinhr+r5uaO8+7r3BMfuNIufIsA7RdpVgacC2cSpw==}

  through@2.3.8:
    resolution: {integrity: sha512-w89qg7PI8wAdvX60bMDP+bFoD5Dvhm9oLheFp5O4a2QF0cSBGsBX4qZmadPMvVqlLJBBci+WqGGOAPvcDeNSVg==}

  tildify@2.0.0:
    resolution: {integrity: sha512-Cc+OraorugtXNfs50hU9KS369rFXCfgGLpfCfvlc+Ud5u6VWmUQsOAa9HbTvheQdYnrdJqqv1e5oIqXppMYnSw==}
    engines: {node: '>=8'}

  tiny-emitter@2.1.0:
    resolution: {integrity: sha512-NB6Dk1A9xgQPMoGqC5CVXn123gWyte215ONT5Pp5a0yt4nlEoO1ZWeCwpncaekPHXO60i47ihFnZPiRPjRMq4Q==}

  titlecase@1.1.3:
    resolution: {integrity: sha512-pQX4oiemzjBEELPqgK4WE+q0yhAqjp/yzusGtlSJsOuiDys0RQxggepYmo0BuegIDppYS3b3cpdegRwkpyN3hw==}
    hasBin: true

  to-regex-range@5.0.1:
    resolution: {integrity: sha512-65P7iz6X5yEr1cwcgvQxbbIw7Uk3gOy5dIdtZ4rDveLqhrdJP+Li/Hx6tyK0NEb+2GCyneCMJiGqrADCSNk8sQ==}
    engines: {node: '>=8.0'}

  toidentifier@1.0.0:
    resolution: {integrity: sha512-yaOH/Pk/VEhBWWTlhI+qXxDFXlejDGcQipMlyxda9nthulaxLZUNcUqFxokp0vcYnvteJln5FNQDRrxj3YcbVw==}
    engines: {node: '>=0.6'}

  tslib@1.13.0:
    resolution: {integrity: sha512-i/6DQjL8Xf3be4K/E6Wgpekn5Qasl1usyw++dAA35Ue5orEn65VIxOA+YvNNl9HV3qv70T7CNwjODHZrLwvd1Q==}

  unpipe@1.0.0:
    resolution: {integrity: sha512-pjy2bYhSsufwWlKwPc+l3cN7+wuJlK6uz0YdJEOlQDbl6jo/YlPi4mb8agUkVC8BF7V8NuzeyPNqRksA3hztKQ==}
    engines: {node: '>= 0.8'}

  upper-case@1.1.3:
    resolution: {integrity: sha512-WRbjgmYzgXkCV7zNVpy5YgrHgbBv126rMALQQMrmzOVC4GM2waQ9x7xtm8VU+1yF2kWyPzI9zbZ48n4vSxwfSA==}

  utils-merge@1.0.1:
    resolution: {integrity: sha512-pMZTvIkT1d+TFGvDOqodOclx0QWkkgi6Tdoa8gC8ffGAAqz9pzPTZWAybbsHHoED/ztMtkv/VoYTYyShUn81hA==}
    engines: {node: '>= 0.4.0'}

  vary@1.1.2:
    resolution: {integrity: sha512-BNGbWLfd0eUPabhkXUVm0j8uuvREyTh5ovRa/dyow/BqAbZJyC+5fU+IzQOzmAKzYqYRAISoRhdQr3eIZ/PXqg==}
    engines: {node: '>= 0.8'}

  warehouse@4.0.0:
    resolution: {integrity: sha512-9i6/JiHzjnyene5Pvvl2D2Pd18no129YGy0C0P7x18iTz/SeO9nOBioR64XoCy5xKwBKQtl3MU361qpr0V9uXw==}
    engines: {node: '>=10.13.0'}

  which@1.3.1:
    resolution: {integrity: sha512-HxJdYWq1MTIQbJ3nw0cqssHoTNU267KlrDuGZ1WYlxDStUtKUhOaJmh112/TZmHxxUfuJqPXSOm7tDyas0OSIQ==}
    hasBin: true

  which@2.0.2:
    resolution: {integrity: sha512-BLI3Tl1TW3Pvl70l3yq3Y64i+awpwXqsGBYWkkqMtnbXgrMD+yj7rhW0kuEDxzJaYXGjEW5ogapKNMEKNMjibA==}
    engines: {node: '>= 8'}
    hasBin: true

snapshots:

  '@types/color-name@1.1.1': {}

  JSONStream@1.3.5:
    dependencies:
      jsonparse: 1.3.1
      through: 2.3.8

  a-sync-waterfall@1.0.1: {}

  abbrev@1.1.1: {}

  accepts@1.3.7:
    dependencies:
      mime-types: 2.1.27
      negotiator: 0.6.2

  ansi-regex@5.0.0: {}

  ansi-styles@3.2.1:
    dependencies:
      color-convert: 1.9.3

  ansi-styles@4.2.1:
    dependencies:
      '@types/color-name': 1.1.1
      color-convert: 2.0.1

  anymatch@3.1.1:
    dependencies:
      normalize-path: 3.0.0
      picomatch: 2.2.2

  archy@1.0.0: {}

  argparse@1.0.10:
    dependencies:
      sprintf-js: 1.0.3

  asap@2.0.6: {}

  basic-auth@2.0.1:
    dependencies:
      safe-buffer: 5.1.2

  binary-extensions@2.1.0: {}

  bluebird@3.7.2: {}

  braces@3.0.2:
    dependencies:
      fill-range: 7.0.1

  bytes@3.0.0: {}

  camel-case@3.0.0:
    dependencies:
      no-case: 2.3.2
      upper-case: 1.1.3

  camel-case@4.1.1:
    dependencies:
      pascal-case: 3.1.1
      tslib: 1.13.0

  chalk@2.4.2:
    dependencies:
      ansi-styles: 3.2.1
      escape-string-regexp: 1.0.5
      supports-color: 5.5.0

  chalk@4.1.0:
    dependencies:
      ansi-styles: 4.2.1
      supports-color: 7.2.0

  chokidar@3.4.2:
    dependencies:
      anymatch: 3.1.1
      braces: 3.0.2
      glob-parent: 5.1.1
      is-binary-path: 2.1.0
      is-glob: 4.0.1
      normalize-path: 3.0.0
      readdirp: 3.4.0
    optionalDependencies:
      fsevents: 2.1.3

  clipboard@2.0.6:
    dependencies:
      good-listener: 1.2.2
      select: 1.1.2
      tiny-emitter: 2.1.0
    optional: true

  color-convert@1.9.3:
    dependencies:
      color-name: 1.1.3

  color-convert@2.0.1:
    dependencies:
      color-name: 1.1.4

  color-name@1.1.3: {}

  color-name@1.1.4: {}

  command-exists@1.2.9: {}

  commander@5.1.0: {}

  compressible@2.0.18:
    dependencies:
      mime-db: 1.44.0

  compression@1.7.4:
    dependencies:
      accepts: 1.3.7
      bytes: 3.0.0
      compressible: 2.0.18
      debug: 2.6.9
      on-headers: 1.0.2
      safe-buffer: 5.1.2
      vary: 1.1.2
    transitivePeerDependencies:
      - supports-color

  connect@3.7.0:
    dependencies:
      debug: 2.6.9
      finalhandler: 1.1.2
      parseurl: 1.3.3
      utils-merge: 1.0.1
    transitivePeerDependencies:
      - supports-color

  cross-spawn@6.0.5:
    dependencies:
      nice-try: 1.0.5
      path-key: 2.0.1
      semver: 5.7.1
      shebang-command: 1.2.0
      which: 1.3.1

  cross-spawn@7.0.3:
    dependencies:
      path-key: 3.1.1
      shebang-command: 2.0.0
      which: 2.0.2

  cuid@2.1.8: {}

  debug@2.6.9:
    dependencies:
      ms: 2.0.0

  deepmerge@4.2.2: {}

  delegate@3.2.0:
    optional: true

  depd@1.1.2: {}

  depd@2.0.0: {}

  destroy@1.0.4: {}

  dom-serializer@1.1.0:
    dependencies:
      domelementtype: 2.0.2
      domhandler: 3.0.0
      entities: 2.0.3

  domelementtype@2.0.2: {}

  domhandler@3.0.0:
    dependencies:
      domelementtype: 2.0.2

  domutils@2.3.0:
    dependencies:
      dom-serializer: 1.1.0
      domelementtype: 2.0.2
      domhandler: 3.0.0

  ee-first@1.1.1: {}

  ejs@2.7.4: {}

  encodeurl@1.0.2: {}

  entities@2.0.3: {}

  escape-html@1.0.3: {}

  escape-string-regexp@1.0.5: {}

  esprima@4.0.1: {}

  etag@1.8.1: {}

  fill-range@7.0.1:
    dependencies:
      to-regex-range: 5.0.1

  finalhandler@1.1.2:
    dependencies:
      debug: 2.6.9
      encodeurl: 1.0.2
      escape-html: 1.0.3
      on-finished: 2.3.0
      parseurl: 1.3.3
      statuses: 1.5.0
      unpipe: 1.0.0
    transitivePeerDependencies:
      - supports-color

  fresh@0.5.2: {}

  fsevents@2.1.3:
    optional: true

  glob-parent@5.1.1:
    dependencies:
      is-glob: 4.0.1

  good-listener@1.2.2:
    dependencies:
      delegate: 3.2.0
    optional: true

  graceful-fs@4.2.4: {}

  has-flag@3.0.0: {}

  has-flag@4.0.0: {}

  hexo-cli@4.2.0:
    dependencies:
      abbrev: 1.1.1
      bluebird: 3.7.2
      chalk: 4.1.0
      command-exists: 1.2.9
      hexo-fs: 3.1.0
      hexo-log: 2.0.0
      hexo-util: 2.4.0
      minimist: 1.2.5
      resolve: 1.17.0
      tildify: 2.0.0

  hexo-front-matter@2.0.0:
    dependencies:
      js-yaml: 3.14.0

  hexo-fs@3.1.0:
    dependencies:
      bluebird: 3.7.2
      chokidar: 3.4.2
      graceful-fs: 4.2.4
      hexo-util: 2.4.0

  hexo-generator-archive@1.0.0:
    dependencies:
      hexo-pagination: 1.0.0

  hexo-generator-category@1.0.0:
    dependencies:
      hexo-pagination: 1.0.0

  hexo-generator-index@1.0.0:
    dependencies:
      hexo-pagination: 1.0.0

  hexo-generator-sitemap@2.1.0:
    dependencies:
      hexo-util: 2.4.0
      micromatch: 4.0.2
      nunjucks: 3.2.2

  hexo-generator-tag@1.0.0:
    dependencies:
      hexo-pagination: 1.0.0

  hexo-i18n@1.0.0:
    dependencies:
      sprintf-js: 1.0.3

  hexo-log@2.0.0:
    dependencies:
      chalk: 4.1.0

  hexo-pagination@1.0.0: {}

  hexo-renderer-ejs@1.0.0:
    dependencies:
      ejs: 2.7.4

  hexo-renderer-marked@2.0.0:
    dependencies:
      hexo-util: 1.0.0
      marked: 0.7.0
      strip-indent: 3.0.0

  hexo-server@1.0.0:
    dependencies:
      bluebird: 3.7.2
      chalk: 2.4.2
      compression: 1.7.4
      connect: 3.7.0
      mime: 2.4.6
      morgan: 1.10.0
      open: 6.4.0
      serve-static: 1.14.1
    transitivePeerDependencies:
      - supports-color

  hexo-util@1.0.0:
    dependencies:
      bluebird: 3.7.2
      camel-case: 3.0.0
      cross-spawn: 6.0.5
      highlight.js: 9.18.3
      html-entities: 1.3.1
      striptags: 3.1.1

  hexo-util@2.4.0:
    dependencies:
      bluebird: 3.7.2
      camel-case: 4.1.1
      cross-spawn: 7.0.3
      deepmerge: 4.2.2
      highlight.js: 10.2.0
      htmlparser2: 4.1.0
      prismjs: 1.21.0
      strip-indent: 3.0.0
      striptags: 3.1.1

  hexo@5.1.1:
    dependencies:
      abbrev: 1.1.1
      archy: 1.0.0
      bluebird: 3.7.2
      chalk: 4.1.0
      hexo-cli: 4.2.0
      hexo-front-matter: 2.0.0
      hexo-fs: 3.1.0
      hexo-i18n: 1.0.0
      hexo-log: 2.0.0
      hexo-util: 2.4.0
      js-yaml: 3.14.0
      micromatch: 4.0.2
      moment: 2.28.0
      moment-timezone: 0.5.31
      nunjucks: 3.2.2
      pretty-hrtime: 1.0.3
      resolve: 1.17.0
      strip-ansi: 6.0.0
      text-table: 0.2.0
      tildify: 2.0.0
      titlecase: 1.1.3
      warehouse: 4.0.0

  highlight.js@10.2.0: {}

  highlight.js@9.18.3: {}

  html-entities@1.3.1: {}

  htmlparser2@4.1.0:
    dependencies:
      domelementtype: 2.0.2
      domhandler: 3.0.0
      domutils: 2.3.0
      entities: 2.0.3

  http-errors@1.7.3:
    dependencies:
      depd: 1.1.2
      inherits: 2.0.4
      setprototypeof: 1.1.1
      statuses: 1.5.0
      toidentifier: 1.0.0

  inherits@2.0.4: {}

  is-binary-path@2.1.0:
    dependencies:
      binary-extensions: 2.1.0

  is-extglob@2.1.1: {}

  is-glob@4.0.1:
    dependencies:
      is-extglob: 2.1.1

  is-number@7.0.0: {}

  is-plain-object@3.0.1: {}

  is-wsl@1.1.0: {}

  isexe@2.0.0: {}

  js-yaml@3.14.0:
    dependencies:
      argparse: 1.0.10
      esprima: 4.0.1

  jsonparse@1.3.1: {}

  lower-case@1.1.4: {}

  lower-case@2.0.1:
    dependencies:
      tslib: 1.13.0

  marked@0.7.0: {}

  micromatch@4.0.2:
    dependencies:
      braces: 3.0.2
      picomatch: 2.2.2

  mime-db@1.44.0: {}

  mime-types@2.1.27:
    dependencies:
      mime-db: 1.44.0

  mime@1.6.0: {}

  mime@2.4.6: {}

  min-indent@1.0.1: {}

  minimist@1.2.5: {}

  moment-timezone@0.5.31:
    dependencies:
      moment: 2.28.0

  moment@2.28.0: {}

  morgan@1.10.0:
    dependencies:
      basic-auth: 2.0.1
      debug: 2.6.9
      depd: 2.0.0
      on-finished: 2.3.0
      on-headers: 1.0.2
    transitivePeerDependencies:
      - supports-color

  ms@2.0.0: {}

  ms@2.1.1: {}

  negotiator@0.6.2: {}

  nice-try@1.0.5: {}

  no-case@2.3.2:
    dependencies:
      lower-case: 1.1.4

  no-case@3.0.3:
    dependencies:
      lower-case: 2.0.1
      tslib: 1.13.0

  normalize-path@3.0.0: {}

  nunjucks@3.2.2:
    dependencies:
      a-sync-waterfall: 1.0.1
      asap: 2.0.6
      commander: 5.1.0
    optionalDependencies:
      chokidar: 3.4.2

  on-finished@2.3.0:
    dependencies:
      ee-first: 1.1.1

  on-headers@1.0.2: {}

  open@6.4.0:
    dependencies:
      is-wsl: 1.1.0

  parseurl@1.3.3: {}

  pascal-case@3.1.1:
    dependencies:
      no-case: 3.0.3
      tslib: 1.13.0

  path-key@2.0.1: {}

  path-key@3.1.1: {}

  path-parse@1.0.6: {}

  picomatch@2.2.2: {}

  pretty-hrtime@1.0.3: {}

  prismjs@1.21.0:
    optionalDependencies:
      clipboard: 2.0.6

  range-parser@1.2.1: {}

  readdirp@3.4.0:
    dependencies:
      picomatch: 2.2.2

  resolve@1.17.0:
    dependencies:
      path-parse: 1.0.6

  rfdc@1.1.4: {}

  safe-buffer@5.1.2: {}

  select@1.1.2:
    optional: true

  semver@5.7.1: {}

  send@0.17.1:
    dependencies:
      debug: 2.6.9
      depd: 1.1.2
      destroy: 1.0.4
      encodeurl: 1.0.2
      escape-html: 1.0.3
      etag: 1.8.1
      fresh: 0.5.2
      http-errors: 1.7.3
      mime: 1.6.0
      ms: 2.1.1
      on-finished: 2.3.0
      range-parser: 1.2.1
      statuses: 1.5.0
    transitivePeerDependencies:
      - supports-color

  serve-static@1.14.1:
    dependencies:
      encodeurl: 1.0.2
      escape-html: 1.0.3
      parseurl: 1.3.3
      send: 0.17.1
    transitivePeerDependencies:
      - supports-color

  setprototypeof@1.1.1: {}

  shebang-command@1.2.0:
    dependencies:
      shebang-regex: 1.0.0

  shebang-command@2.0.0:
    dependencies:
      shebang-regex: 3.0.0

  shebang-regex@1.0.0: {}

  shebang-regex@3.0.0: {}

  sprintf-js@1.0.3: {}

  statuses@1.5.0: {}

  strip-ansi@6.0.0:
    dependencies:
      ansi-regex: 5.0.0

  strip-indent@3.0.0:
    dependencies:
      min-indent: 1.0.1

  striptags@3.1.1: {}

  supports-color@5.5.0:
    dependencies:
      has-flag: 3.0.0

  supports-color@7.2.0:
    dependencies:
      has-flag: 4.0.0

  text-table@0.2.0: {}

  through@2.3.8: {}

  tildify@2.0.0: {}

  tiny-emitter@2.1.0:
    optional: true

  titlecase@1.1.3: {}

  to-regex-range@5.0.1:
    dependencies:
      is-number: 7.0.0

  toidentifier@1.0.0: {}

  tslib@1.13.0: {}

  unpipe@1.0.0: {}

  upper-case@1.1.3: {}

  utils-merge@1.0.1: {}

  vary@1.1.2: {}

  warehouse@4.0.0:
    dependencies:
      JSONStream: 1.3.5
      bluebird: 3.7.2
      cuid: 2.1.8
      graceful-fs: 4.2.4
      is-plain-object: 3.0.1
      rfdc: 1.1.4

  which@1.3.1:
    dependencies:
      isexe: 2.0.0

  which@2.0.2:
    dependencies:
      isexe: 2.0.0
